
Microsoft Visual Studio Solution File, Format Version 12.00
# Visual Studio Version 17
VisualStudioVersion = 17.0.31903.59
MinimumVisualStudioVersion = 10.0.40219.1
Project("{FAE04EC0-301F-11D3-BF4B-00C04F79EFBC}") = "ModelLayer", "ModelLayer\ModelLayer.csproj", "{869D51C3-B583-4492-86CE-631F06781C69}"
EndProject
Project("{FAE04EC0-301F-11D3-BF4B-00C04F79EFBC}") = "RepositoryLayer", "RepositoryLayer\RepositoryLayer.csproj", "{15D75EA0-E6F0-4BA7-9803-04B7FFFC899A}"
EndProject
Project("{FAE04EC0-301F-11D3-BF4B-00C04F79EFBC}") = "BuisnessLayer", "BuisnessLayer\BuisnessLayer.csproj", "{A9CCA94F-204A-4D5E-9823-C28AD878E907}"
EndProject
Project("{FAE04EC0-301F-11D3-BF4B-00C04F79EFBC}") = "CarWash.API", "CarWash.API\CarWash.API.csproj", "{5B8AF4B4-EB30-4014-AFF8-2BD1BF4E8EC6}"
EndProject
Global
	GlobalSection(SolutionConfigurationPlatforms) = preSolution
		Debug|Any CPU = Debug|Any CPU
		Debug|x64 = Debug|x64
		Debug|x86 = Debug|x86
		Release|Any CPU = Release|Any CPU
		Release|x64 = Release|x64
		Release|x86 = Release|x86
	EndGlobalSection
	GlobalSection(ProjectConfigurationPlatforms) = postSolution
		{869D51C3-B583-4492-86CE-631F06781C69}.Debug|Any CPU.ActiveCfg = Debug|Any CPU
		{869D51C3-B583-4492-86CE-631F06781C69}.Debug|Any CPU.Build.0 = Debug|Any CPU
		{869D51C3-B583-4492-86CE-631F06781C69}.Debug|x64.ActiveCfg = Debug|Any CPU
		{869D51C3-B583-4492-86CE-631F06781C69}.Debug|x64.Build.0 = Debug|Any CPU
		{869D51C3-B583-4492-86CE-631F06781C69}.Debug|x86.ActiveCfg = Debug|Any CPU
		{869D51C3-B583-4492-86CE-631F06781C69}.Debug|x86.Build.0 = Debug|Any CPU
		{869D51C3-B583-4492-86CE-631F06781C69}.Release|Any CPU.ActiveCfg = Release|Any CPU
		{869D51C3-B583-4492-86CE-631F06781C69}.Release|Any CPU.Build.0 = Release|Any CPU
		{869D51C3-B583-4492-86CE-631F06781C69}.Release|x64.ActiveCfg = Release|Any CPU
		{869D51C3-B583-4492-86CE-631F06781C69}.Release|x64.Build.0 = Release|Any CPU
		{869D51C3-B583-4492-86CE-631F06781C69}.Release|x86.ActiveCfg = Release|Any CPU
		{869D51C3-B583-4492-86CE-631F06781C69}.Release|x86.Build.0 = Release|Any CPU
		{15D75EA0-E6F0-4BA7-9803-04B7FFFC899A}.Debug|Any CPU.ActiveCfg = Debug|Any CPU
		{15D75EA0-E6F0-4BA7-9803-04B7FFFC899A}.Debug|Any CPU.Build.0 = Debug|Any CPU
		{15D75EA0-E6F0-4BA7-9803-04B7FFFC899A}.Debug|x64.ActiveCfg = Debug|Any CPU
		{15D75EA0-E6F0-4BA7-9803-04B7FFFC899A}.Debug|x64.Build.0 = Debug|Any CPU
		{15D75EA0-E6F0-4BA7-9803-04B7FFFC899A}.Debug|x86.ActiveCfg = Debug|Any CPU
		{15D75EA0-E6F0-4BA7-9803-04B7FFFC899A}.Debug|x86.Build.0 = Debug|Any CPU
		{15D75EA0-E6F0-4BA7-9803-04B7FFFC899A}.Release|Any CPU.ActiveCfg = Release|Any CPU
		{15D75EA0-E6F0-4BA7-9803-04B7FFFC899A}.Release|Any CPU.Build.0 = Release|Any CPU
		{15D75EA0-E6F0-4BA7-9803-04B7FFFC899A}.Release|x64.ActiveCfg = Release|Any CPU
		{15D75EA0-E6F0-4BA7-9803-04B7FFFC899A}.Release|x64.Build.0 = Release|Any CPU
		{15D75EA0-E6F0-4BA7-9803-04B7FFFC899A}.Release|x86.ActiveCfg = Release|Any CPU
		{15D75EA0-E6F0-4BA7-9803-04B7FFFC899A}.Release|x86.Build.0 = Release|Any CPU
		{A9CCA94F-204A-4D5E-9823-C28AD878E907}.Debug|Any CPU.ActiveCfg = Debug|Any CPU
		{A9CCA94F-204A-4D5E-9823-C28AD878E907}.Debug|Any CPU.Build.0 = Debug|Any CPU
		{A9CCA94F-204A-4D5E-9823-C28AD878E907}.Debug|x64.ActiveCfg = Debug|Any CPU
		{A9CCA94F-204A-4D5E-9823-C28AD878E907}.Debug|x64.Build.0 = Debug|Any CPU
		{A9CCA94F-204A-4D5E-9823-C28AD878E907}.Debug|x86.ActiveCfg = Debug|Any CPU
		{A9CCA94F-204A-4D5E-9823-C28AD878E907}.Debug|x86.Build.0 = Debug|Any CPU
		{A9CCA94F-204A-4D5E-9823-C28AD878E907}.Release|Any CPU.ActiveCfg = Release|Any CPU
		{A9CCA94F-204A-4D5E-9823-C28AD878E907}.Release|Any CPU.Build.0 = Release|Any CPU
		{A9CCA94F-204A-4D5E-9823-C28AD878E907}.Release|x64.ActiveCfg = Release|Any CPU
		{A9CCA94F-204A-4D5E-9823-C28AD878E907}.Release|x64.Build.0 = Release|Any CPU
		{A9CCA94F-204A-4D5E-9823-C28AD878E907}.Release|x86.ActiveCfg = Release|Any CPU
		{A9CCA94F-204A-4D5E-9823-C28AD878E907}.Release|x86.Build.0 = Release|Any CPU
		{5B8AF4B4-EB30-4014-AFF8-2BD1BF4E8EC6}.Debug|Any CPU.ActiveCfg = Debug|Any CPU
		{5B8AF4B4-EB30-4014-AFF8-2BD1BF4E8EC6}.Debug|Any CPU.Build.0 = Debug|Any CPU
		{5B8AF4B4-EB30-4014-AFF8-2BD1BF4E8EC6}.Debug|x64.ActiveCfg = Debug|Any CPU
		{5B8AF4B4-EB30-4014-AFF8-2BD1BF4E8EC6}.Debug|x64.Build.0 = Debug|Any CPU
		{5B8AF4B4-EB30-4014-AFF8-2BD1BF4E8EC6}.Debug|x86.ActiveCfg = Debug|Any CPU
		{5B8AF4B4-EB30-4014-AFF8-2BD1BF4E8EC6}.Debug|x86.Build.0 = Debug|Any CPU
		{5B8AF4B4-EB30-4014-AFF8-2BD1BF4E8EC6}.Release|Any CPU.ActiveCfg = Release|Any CPU
		{5B8AF4B4-EB30-4014-AFF8-2BD1BF4E8EC6}.Release|Any CPU.Build.0 = Release|Any CPU
		{5B8AF4B4-EB30-4014-AFF8-2BD1BF4E8EC6}.Release|x64.ActiveCfg = Release|Any CPU
		{5B8AF4B4-EB30-4014-AFF8-2BD1BF4E8EC6}.Release|x64.Build.0 = Release|Any CPU
		{5B8AF4B4-EB30-4014-AFF8-2BD1BF4E8EC6}.Release|x86.ActiveCfg = Release|Any CPU
		{5B8AF4B4-EB30-4014-AFF8-2BD1BF4E8EC6}.Release|x86.Build.0 = Release|Any CPU
	EndGlobalSection
	GlobalSection(SolutionProperties) = preSolution
		HideSolutionNode = FALSE
	EndGlobalSection
EndGlobal
